
Microsoft Visual Studio Solution File, Format Version 12.00
# Visual Studio 14
VisualStudioVersion = 14.0.25420.1
MinimumVisualStudioVersion = 10.0.40219.1
Project("{F2A71F9B-5D33-465A-A702-920D77279786}") = "FLlab1", "FLlab1\FLlab1.fsproj", "{7E535759-505A-4A81-8239-14F288DA9AA6}"
EndProject
Project("{F2A71F9B-5D33-465A-A702-920D77279786}") = "FLab2", "FLab2\FLab2.fsproj", "{3530570F-2D49-4E61-8D3C-74203113775E}"
EndProject
Project("{F2A71F9B-5D33-465A-A702-920D77279786}") = "FLab3", "FLab3\FLab3.fsproj", "{03534276-FC47-4B1D-A481-D1C32B97FF59}"
EndProject
Project("{F2A71F9B-5D33-465A-A702-920D77279786}") = "FLab4", "FLab4\FLab4.fsproj", "{AC6B83FD-2CCE-4B21-834A-883ACBC5F628}"
EndProject
Global
	GlobalSection(SolutionConfigurationPlatforms) = preSolution
		Debug|Any CPU = Debug|Any CPU
		Release|Any CPU = Release|Any CPU
	EndGlobalSection
	GlobalSection(ProjectConfigurationPlatforms) = postSolution
		{7E535759-505A-4A81-8239-14F288DA9AA6}.Debug|Any CPU.ActiveCfg = Debug|Any CPU
		{7E535759-505A-4A81-8239-14F288DA9AA6}.Debug|Any CPU.Build.0 = Debug|Any CPU
		{7E535759-505A-4A81-8239-14F288DA9AA6}.Release|Any CPU.ActiveCfg = Release|Any CPU
		{7E535759-505A-4A81-8239-14F288DA9AA6}.Release|Any CPU.Build.0 = Release|Any CPU
		{3530570F-2D49-4E61-8D3C-74203113775E}.Debug|Any CPU.ActiveCfg = Debug|Any CPU
		{3530570F-2D49-4E61-8D3C-74203113775E}.Debug|Any CPU.Build.0 = Debug|Any CPU
		{3530570F-2D49-4E61-8D3C-74203113775E}.Release|Any CPU.ActiveCfg = Release|Any CPU
		{3530570F-2D49-4E61-8D3C-74203113775E}.Release|Any CPU.Build.0 = Release|Any CPU
		{03534276-FC47-4B1D-A481-D1C32B97FF59}.Debug|Any CPU.ActiveCfg = Debug|Any CPU
		{03534276-FC47-4B1D-A481-D1C32B97FF59}.Debug|Any CPU.Build.0 = Debug|Any CPU
		{03534276-FC47-4B1D-A481-D1C32B97FF59}.Release|Any CPU.ActiveCfg = Release|Any CPU
		{03534276-FC47-4B1D-A481-D1C32B97FF59}.Release|Any CPU.Build.0 = Release|Any CPU
		{AC6B83FD-2CCE-4B21-834A-883ACBC5F628}.Debug|Any CPU.ActiveCfg = Debug|Any CPU
		{AC6B83FD-2CCE-4B21-834A-883ACBC5F628}.Debug|Any CPU.Build.0 = Debug|Any CPU
		{AC6B83FD-2CCE-4B21-834A-883ACBC5F628}.Release|Any CPU.ActiveCfg = Release|Any CPU
		{AC6B83FD-2CCE-4B21-834A-883ACBC5F628}.Release|Any CPU.Build.0 = Release|Any CPU
	EndGlobalSection
	GlobalSection(SolutionProperties) = preSolution
		HideSolutionNode = FALSE
	EndGlobalSection
EndGlobal
